
Microsoft Visual Studio Solution File, Format Version 12.00
# Visual Studio Version 17
VisualStudioVersion = 17.9.34622.214
MinimumVisualStudioVersion = 10.0.40219.1
Project("{9A19103F-16F7-4668-BE54-9A1E7A4F7556}") = "OmgppSharpCore", "OmgppSharpCore\OmgppSharpCore.csproj", "{C5790413-6060-49DD-9A77-246DB5194EDA}"
EndProject
Project("{9A19103F-16F7-4668-BE54-9A1E7A4F7556}") = "OmgppSharpExample", "OmgppSharpExample\OmgppSharpExample.csproj", "{E265180E-1584-4222-ACEA-B55DCE2B1335}"
EndProject
Project("{9A19103F-16F7-4668-BE54-9A1E7A4F7556}") = "OmgppSharpServer", "OmgppSharpServer\OmgppSharpServer.csproj", "{AC363387-416E-47E8-8E9E-40DF9ABA3066}"
EndProject
Project("{FAE04EC0-301F-11D3-BF4B-00C04F79EFBC}") = "OmgppSharpClient", "OmgppSharpClient\OmgppSharpClient.csproj", "{38FEE3AC-4D37-4254-A0AC-AB9C40F4C072}"
EndProject
Global
	GlobalSection(SolutionConfigurationPlatforms) = preSolution
		Debug|Any CPU = Debug|Any CPU
		Release|Any CPU = Release|Any CPU
	EndGlobalSection
	GlobalSection(ProjectConfigurationPlatforms) = postSolution
		{C5790413-6060-49DD-9A77-246DB5194EDA}.Debug|Any CPU.ActiveCfg = Debug|Any CPU
		{C5790413-6060-49DD-9A77-246DB5194EDA}.Debug|Any CPU.Build.0 = Debug|Any CPU
		{C5790413-6060-49DD-9A77-246DB5194EDA}.Release|Any CPU.ActiveCfg = Release|Any CPU
		{C5790413-6060-49DD-9A77-246DB5194EDA}.Release|Any CPU.Build.0 = Release|Any CPU
		{E265180E-1584-4222-ACEA-B55DCE2B1335}.Debug|Any CPU.ActiveCfg = Debug|Any CPU
		{E265180E-1584-4222-ACEA-B55DCE2B1335}.Debug|Any CPU.Build.0 = Debug|Any CPU
		{E265180E-1584-4222-ACEA-B55DCE2B1335}.Release|Any CPU.ActiveCfg = Release|Any CPU
		{E265180E-1584-4222-ACEA-B55DCE2B1335}.Release|Any CPU.Build.0 = Release|Any CPU
		{AC363387-416E-47E8-8E9E-40DF9ABA3066}.Debug|Any CPU.ActiveCfg = Debug|Any CPU
		{AC363387-416E-47E8-8E9E-40DF9ABA3066}.Debug|Any CPU.Build.0 = Debug|Any CPU
		{AC363387-416E-47E8-8E9E-40DF9ABA3066}.Release|Any CPU.ActiveCfg = Release|Any CPU
		{AC363387-416E-47E8-8E9E-40DF9ABA3066}.Release|Any CPU.Build.0 = Release|Any CPU
		{38FEE3AC-4D37-4254-A0AC-AB9C40F4C072}.Debug|Any CPU.ActiveCfg = Debug|Any CPU
		{38FEE3AC-4D37-4254-A0AC-AB9C40F4C072}.Debug|Any CPU.Build.0 = Debug|Any CPU
		{38FEE3AC-4D37-4254-A0AC-AB9C40F4C072}.Release|Any CPU.ActiveCfg = Release|Any CPU
		{38FEE3AC-4D37-4254-A0AC-AB9C40F4C072}.Release|Any CPU.Build.0 = Release|Any CPU
	EndGlobalSection
	GlobalSection(SolutionProperties) = preSolution
		HideSolutionNode = FALSE
	EndGlobalSection
	GlobalSection(ExtensibilityGlobals) = postSolution
		SolutionGuid = {CCA8C3D3-767D-4A0C-9683-B37A51ECFE24}
	EndGlobalSection
EndGlobal
